
Microsoft Visual Studio Solution File, Format Version 12.00
# Visual Studio Version 17
VisualStudioVersion = 17.12.35424.110 d17.12
MinimumVisualStudioVersion = 10.0.40219.1
Project("{FAE04EC0-301F-11D3-BF4B-00C04F79EFBC}") = "Bonus", "Bonus\Bonus.csproj", "{1CF45A6B-B3C4-428A-8C3A-F47372AC820C}"
EndProject
Global
	GlobalSection(SolutionConfigurationPlatforms) = preSolution
		Debug|Any CPU = Debug|Any CPU
		Release|Any CPU = Release|Any CPU
	EndGlobalSection
	GlobalSection(ProjectConfigurationPlatforms) = postSolution
		{1CF45A6B-B3C4-428A-8C3A-F47372AC820C}.Debug|Any CPU.ActiveCfg = Debug|Any CPU
		{1CF45A6B-B3C4-428A-8C3A-F47372AC820C}.Debug|Any CPU.Build.0 = Debug|Any CPU
		{1CF45A6B-B3C4-428A-8C3A-F47372AC820C}.Release|Any CPU.ActiveCfg = Release|Any CPU
		{1CF45A6B-B3C4-428A-8C3A-F47372AC820C}.Release|Any CPU.Build.0 = Release|Any CPU
	EndGlobalSection
	GlobalSection(SolutionProperties) = preSolution
		HideSolutionNode = FALSE
	EndGlobalSection
EndGlobal
